{
    "_readme": [
        "This file locks the dependencies of your project to a known state",
        "Read more about it at https://getcomposer.org/doc/01-basic-usage.md#composer-lock-the-lock-file",
        "This file is @generated automatically"
    ],
    "hash": "23e737131655bb5c24863363393b2340",
    "content-hash": "806a353a9401f5dabfc91ab97be0b843",
    "packages": [
        {
            "name": "igorw/event-source",
            "version": "v1.0.0",
            "source": {
                "type": "git",
                "url": "https://github.com/igorw/EventSource.git",
                "reference": "753dad1f5b49058e87e2a76029d3c9cc9151fdf8"
            },
            "dist": {
                "type": "zip",
                "url": "https://api.github.com/repos/igorw/EventSource/zipball/753dad1f5b49058e87e2a76029d3c9cc9151fdf8",
                "reference": "753dad1f5b49058e87e2a76029d3c9cc9151fdf8",
                "shasum": ""
            },
            "require": {
                "php": ">=5.3.0"
            },
            "type": "library",
            "autoload": {
                "psr-0": {
                    "Igorw\\EventSource": "src"
                }
            },
            "notification-url": "https://packagist.org/downloads/",
            "license": [
                "MIT"
            ],
            "authors": [
                {
                    "name": "Igor Wiedler",
                    "email": "igor@wiedler.ch",
                    "homepage": "http://wiedler.ch/igor/"
                }
            ],
            "description": "A PHP 5.3 library for creating an EventSource stream.",
            "keywords": [
                "event-source",
                "real-time",
                "server-sent-events"
            ],
            "time": "2012-07-14 00:02:15"
        },
        {
            "name": "jmikola/geojson",
            "version": "1.0.2",
            "source": {
                "type": "git",
                "url": "https://github.com/jmikola/geojson.git",
                "reference": "6ec3016cc0215667b7775f6ead7bd0337ad66eee"
            },
            "dist": {
                "type": "zip",
                "url": "https://api.github.com/repos/jmikola/geojson/zipball/6ec3016cc0215667b7775f6ead7bd0337ad66eee",
                "reference": "6ec3016cc0215667b7775f6ead7bd0337ad66eee",
                "shasum": ""
            },
            "require": {
                "php": ">=5.3.3"
            },
            "require-dev": {
                "phpunit/phpunit": "~3.7"
            },
            "type": "library",
            "extra": {
                "branch-alias": {
                    "dev-master": "1.0-dev"
                }
            },
            "autoload": {
                "psr-0": {
                    "GeoJson\\": "src/"
                },
                "classmap": [
                    "stubs/"
                ]
            },
            "notification-url": "https://packagist.org/downloads/",
            "license": [
                "MIT"
            ],
            "authors": [
                {
                    "name": "Jeremy Mikola",
                    "email": "jmikola@gmail.com"
                }
            ],
            "description": "GeoJSON implementation for PHP",
            "homepage": "https://github.com/jmikola/geojson",
            "keywords": [
                "geo",
                "geojson",
                "geospatial"
            ],
            "time": "2015-09-27 15:35:21"
        }
    ],
    "packages-dev": [],
    "aliases": [],
    "minimum-stability": "stable",
    "stability-flags": [],
    "prefer-stable": false,
    "prefer-lowest": false,
    "platform": [],
    "platform-dev": []
}
